// !$*UTF8*$!
{
	archiveVersion = 1;
	classes = {
	};
	objectVersion = 50;
	objects = {

/* Begin PBXBuildFile section */
		BD1FE9CA2082AA92007A083E /* Car.swift in Sources */ = {isa = PBXBuildFile; fileRef = BD1FE9C92082AA92007A083E /* Car.swift */; };
		BD1FE9CD2082B443007A083E /* CarService.swift in Sources */ = {isa = PBXBuildFile; fileRef = BD1FE9CC2082B443007A083E /* CarService.swift */; };
		BD1FE9CF2082B7F4007A083E /* CarListView.swift in Sources */ = {isa = PBXBuildFile; fileRef = BD1FE9CE2082B7F4007A083E /* CarListView.swift */; };
		BD1FE9D12082BA1D007A083E /* CarListPresenter.swift in Sources */ = {isa = PBXBuildFile; fileRef = BD1FE9D02082BA1D007A083E /* CarListPresenter.swift */; };
		BD1FE9D420830B05007A083E /* CarCell.xib in Resources */ = {isa = PBXBuildFile; fileRef = BD1FE9D320830B05007A083E /* CarCell.xib */; };
		BD1FE9D620830D21007A083E /* CarCell.swift in Sources */ = {isa = PBXBuildFile; fileRef = BD1FE9D520830D21007A083E /* CarCell.swift */; };
		BD1FE9D720831FA3007A083E /* AlamofireImage.framework in Frameworks */ = {isa = PBXBuildFile; fileRef = BD4C871620827EE800392A73 /* AlamofireImage.framework */; };
		BD1FE9D920839DF0007A083E /* CarDetailsViewController.swift in Sources */ = {isa = PBXBuildFile; fileRef = BD1FE9D820839DF0007A083E /* CarDetailsViewController.swift */; };
		BD1FE9DB20839EE2007A083E /* CarDetailsView.swift in Sources */ = {isa = PBXBuildFile; fileRef = BD1FE9DA20839EE2007A083E /* CarDetailsView.swift */; };
		BD1FE9DD2083DBE7007A083E /* CarDetailsPresenter.swift in Sources */ = {isa = PBXBuildFile; fileRef = BD1FE9DC2083DBE7007A083E /* CarDetailsPresenter.swift */; };
		BD336D202082853D003021DC /* Alamofire.framework in Frameworks */ = {isa = PBXBuildFile; fileRef = BD4C871720827EE800392A73 /* Alamofire.framework */; };
		BD336D21208286E5003021DC /* AlamofireObjectMapper.framework in Frameworks */ = {isa = PBXBuildFile; fileRef = BD4C871820827EE800392A73 /* AlamofireObjectMapper.framework */; };
		BD336D22208286E5003021DC /* ObjectMapper.framework in Frameworks */ = {isa = PBXBuildFile; fileRef = BD4C871520827EE800392A73 /* ObjectMapper.framework */; };
		BD336D24208286E5003021DC /* SDWebImage.framework in Frameworks */ = {isa = PBXBuildFile; fileRef = BD336D23208286E5003021DC /* SDWebImage.framework */; };
		BD41CF0C20885B0200D718A2 /* Reachability.swift in Sources */ = {isa = PBXBuildFile; fileRef = BD41CF0B20885B0200D718A2 /* Reachability.swift */; };
		BD4C87032082602500392A73 /* AppDelegate.swift in Sources */ = {isa = PBXBuildFile; fileRef = BD4C87022082602500392A73 /* AppDelegate.swift */; };
		BD4C87052082602500392A73 /* CarListViewController.swift in Sources */ = {isa = PBXBuildFile; fileRef = BD4C87042082602500392A73 /* CarListViewController.swift */; };
		BD4C87082082602500392A73 /* Main.storyboard in Resources */ = {isa = PBXBuildFile; fileRef = BD4C87062082602500392A73 /* Main.storyboard */; };
		BD4C870A2082602700392A73 /* Assets.xcassets in Resources */ = {isa = PBXBuildFile; fileRef = BD4C87092082602700392A73 /* Assets.xcassets */; };
		BD4C870D2082602700392A73 /* LaunchScreen.storyboard in Resources */ = {isa = PBXBuildFile; fileRef = BD4C870B2082602700392A73 /* LaunchScreen.storyboard */; };
		BDA72C87208466E200EAA8E9 /* CartView.swift in Sources */ = {isa = PBXBuildFile; fileRef = BDA72C86208466E200EAA8E9 /* CartView.swift */; };
		BDA72C892084676D00EAA8E9 /* CartViewController.swift in Sources */ = {isa = PBXBuildFile; fileRef = BDA72C882084676D00EAA8E9 /* CartViewController.swift */; };
		BDA72C8B208467C800EAA8E9 /* CartPresenter.swift in Sources */ = {isa = PBXBuildFile; fileRef = BDA72C8A208467C800EAA8E9 /* CartPresenter.swift */; };
		D3BFD89E20852E3700775EF5 /* Realm.framework in Frameworks */ = {isa = PBXBuildFile; fileRef = D3BFD89C20852E3700775EF5 /* Realm.framework */; };
		D3BFD89F20852E3700775EF5 /* RealmSwift.framework in Frameworks */ = {isa = PBXBuildFile; fileRef = D3BFD89D20852E3700775EF5 /* RealmSwift.framework */; };
		D3BFD8A12085313D00775EF5 /* CartItem.swift in Sources */ = {isa = PBXBuildFile; fileRef = D3BFD8A02085313D00775EF5 /* CartItem.swift */; };
		D3BFD8A32085421A00775EF5 /* DBManager.swift in Sources */ = {isa = PBXBuildFile; fileRef = D3BFD8A22085421A00775EF5 /* DBManager.swift */; };
		D3BFD8A620855A7500775EF5 /* BadgeBarButtonItem.swift in Sources */ = {isa = PBXBuildFile; fileRef = D3BFD8A520855A7500775EF5 /* BadgeBarButtonItem.swift */; };
/* End PBXBuildFile section */

/* Begin PBXFileReference section */
		BD1FE9C92082AA92007A083E /* Car.swift */ = {isa = PBXFileReference; lastKnownFileType = sourcecode.swift; path = Car.swift; sourceTree = "<group>"; };
		BD1FE9CC2082B443007A083E /* CarService.swift */ = {isa = PBXFileReference; lastKnownFileType = sourcecode.swift; path = CarService.swift; sourceTree = "<group>"; };
		BD1FE9CE2082B7F4007A083E /* CarListView.swift */ = {isa = PBXFileReference; lastKnownFileType = sourcecode.swift; name = CarListView.swift; path = DesafioBRQ/Model/CarListView.swift; sourceTree = SOURCE_ROOT; };
		BD1FE9D02082BA1D007A083E /* CarListPresenter.swift */ = {isa = PBXFileReference; lastKnownFileType = sourcecode.swift; path = CarListPresenter.swift; sourceTree = "<group>"; };
		BD1FE9D320830B05007A083E /* CarCell.xib */ = {isa = PBXFileReference; lastKnownFileType = file.xib; path = CarCell.xib; sourceTree = "<group>"; };
		BD1FE9D520830D21007A083E /* CarCell.swift */ = {isa = PBXFileReference; lastKnownFileType = sourcecode.swift; path = CarCell.swift; sourceTree = "<group>"; };
		BD1FE9D820839DF0007A083E /* CarDetailsViewController.swift */ = {isa = PBXFileReference; lastKnownFileType = sourcecode.swift; name = CarDetailsViewController.swift; path = DesafioBRQ/View/CarDetailsViewController.swift; sourceTree = SOURCE_ROOT; };
		BD1FE9DA20839EE2007A083E /* CarDetailsView.swift */ = {isa = PBXFileReference; lastKnownFileType = sourcecode.swift; path = CarDetailsView.swift; sourceTree = "<group>"; };
		BD1FE9DC2083DBE7007A083E /* CarDetailsPresenter.swift */ = {isa = PBXFileReference; lastKnownFileType = sourcecode.swift; path = CarDetailsPresenter.swift; sourceTree = "<group>"; };
		BD336D23208286E5003021DC /* SDWebImage.framework */ = {isa = PBXFileReference; lastKnownFileType = wrapper.framework; name = SDWebImage.framework; path = Carthage/Build/iOS/SDWebImage.framework; sourceTree = "<group>"; };
		BD41CF0B20885B0200D718A2 /* Reachability.swift */ = {isa = PBXFileReference; lastKnownFileType = sourcecode.swift; path = Reachability.swift; sourceTree = "<group>"; };
		BD4C86FF2082602500392A73 /* DesafioBRQ.app */ = {isa = PBXFileReference; explicitFileType = wrapper.application; includeInIndex = 0; path = DesafioBRQ.app; sourceTree = BUILT_PRODUCTS_DIR; };
		BD4C87022082602500392A73 /* AppDelegate.swift */ = {isa = PBXFileReference; lastKnownFileType = sourcecode.swift; path = AppDelegate.swift; sourceTree = "<group>"; };
		BD4C87042082602500392A73 /* CarListViewController.swift */ = {isa = PBXFileReference; lastKnownFileType = sourcecode.swift; path = CarListViewController.swift; sourceTree = "<group>"; };
		BD4C87072082602500392A73 /* Base */ = {isa = PBXFileReference; lastKnownFileType = file.storyboard; name = Base; path = Base.lproj/Main.storyboard; sourceTree = "<group>"; };
		BD4C87092082602700392A73 /* Assets.xcassets */ = {isa = PBXFileReference; lastKnownFileType = folder.assetcatalog; path = Assets.xcassets; sourceTree = "<group>"; };
		BD4C870C2082602700392A73 /* Base */ = {isa = PBXFileReference; lastKnownFileType = file.storyboard; name = Base; path = Base.lproj/LaunchScreen.storyboard; sourceTree = "<group>"; };
		BD4C870E2082602700392A73 /* Info.plist */ = {isa = PBXFileReference; lastKnownFileType = text.plist.xml; path = Info.plist; sourceTree = "<group>"; };
		BD4C871520827EE800392A73 /* ObjectMapper.framework */ = {isa = PBXFileReference; lastKnownFileType = wrapper.framework; name = ObjectMapper.framework; path = Carthage/Build/iOS/ObjectMapper.framework; sourceTree = "<group>"; };
		BD4C871620827EE800392A73 /* AlamofireImage.framework */ = {isa = PBXFileReference; lastKnownFileType = wrapper.framework; name = AlamofireImage.framework; path = Carthage/Build/iOS/AlamofireImage.framework; sourceTree = "<group>"; };
		BD4C871720827EE800392A73 /* Alamofire.framework */ = {isa = PBXFileReference; lastKnownFileType = wrapper.framework; name = Alamofire.framework; path = Carthage/Build/iOS/Alamofire.framework; sourceTree = "<group>"; };
		BD4C871820827EE800392A73 /* AlamofireObjectMapper.framework */ = {isa = PBXFileReference; lastKnownFileType = wrapper.framework; name = AlamofireObjectMapper.framework; path = Carthage/Build/iOS/AlamofireObjectMapper.framework; sourceTree = "<group>"; };
		BDA72C86208466E200EAA8E9 /* CartView.swift */ = {isa = PBXFileReference; lastKnownFileType = sourcecode.swift; path = CartView.swift; sourceTree = "<group>"; };
		BDA72C882084676D00EAA8E9 /* CartViewController.swift */ = {isa = PBXFileReference; lastKnownFileType = sourcecode.swift; path = CartViewController.swift; sourceTree = "<group>"; };
		BDA72C8A208467C800EAA8E9 /* CartPresenter.swift */ = {isa = PBXFileReference; lastKnownFileType = sourcecode.swift; path = CartPresenter.swift; sourceTree = "<group>"; };
		D3BFD89C20852E3700775EF5 /* Realm.framework */ = {isa = PBXFileReference; lastKnownFileType = wrapper.framework; name = Realm.framework; path = Carthage/Build/iOS/Realm.framework; sourceTree = "<group>"; };
		D3BFD89D20852E3700775EF5 /* RealmSwift.framework */ = {isa = PBXFileReference; lastKnownFileType = wrapper.framework; name = RealmSwift.framework; path = Carthage/Build/iOS/RealmSwift.framework; sourceTree = "<group>"; };
		D3BFD8A02085313D00775EF5 /* CartItem.swift */ = {isa = PBXFileReference; lastKnownFileType = sourcecode.swift; path = CartItem.swift; sourceTree = "<group>"; };
		D3BFD8A22085421A00775EF5 /* DBManager.swift */ = {isa = PBXFileReference; lastKnownFileType = sourcecode.swift; path = DBManager.swift; sourceTree = "<group>"; };
		D3BFD8A520855A7500775EF5 /* BadgeBarButtonItem.swift */ = {isa = PBXFileReference; lastKnownFileType = sourcecode.swift; path = BadgeBarButtonItem.swift; sourceTree = "<group>"; };
/* End PBXFileReference section */

/* Begin PBXFrameworksBuildPhase section */
		BD4C86FC2082602500392A73 /* Frameworks */ = {
			isa = PBXFrameworksBuildPhase;
			buildActionMask = 2147483647;
			files = (
				D3BFD89E20852E3700775EF5 /* Realm.framework in Frameworks */,
				D3BFD89F20852E3700775EF5 /* RealmSwift.framework in Frameworks */,
				BD1FE9D720831FA3007A083E /* AlamofireImage.framework in Frameworks */,
				BD336D24208286E5003021DC /* SDWebImage.framework in Frameworks */,
				BD336D21208286E5003021DC /* AlamofireObjectMapper.framework in Frameworks */,
				BD336D22208286E5003021DC /* ObjectMapper.framework in Frameworks */,
				BD336D202082853D003021DC /* Alamofire.framework in Frameworks */,
			);
			runOnlyForDeploymentPostprocessing = 0;
		};
/* End PBXFrameworksBuildPhase section */

/* Begin PBXGroup section */
		BD1FE9C62082A9D5007A083E /* Model */ = {
			isa = PBXGroup;
			children = (
				BD1FE9C92082AA92007A083E /* Car.swift */,
				BD1FE9CE2082B7F4007A083E /* CarListView.swift */,
				BD1FE9DA20839EE2007A083E /* CarDetailsView.swift */,
				BDA72C86208466E200EAA8E9 /* CartView.swift */,
				D3BFD8A02085313D00775EF5 /* CartItem.swift */,
			);
			path = Model;
			sourceTree = "<group>";
		};
		BD1FE9C72082A9DD007A083E /* View */ = {
			isa = PBXGroup;
			children = (
				BD4C87042082602500392A73 /* CarListViewController.swift */,
				BD1FE9D820839DF0007A083E /* CarDetailsViewController.swift */,
				BDA72C882084676D00EAA8E9 /* CartViewController.swift */,
			);
			path = View;
			sourceTree = "<group>";
		};
		BD1FE9C82082A9E5007A083E /* Presenter */ = {
			isa = PBXGroup;
			children = (
				BD1FE9D02082BA1D007A083E /* CarListPresenter.swift */,
				BD1FE9DC2083DBE7007A083E /* CarDetailsPresenter.swift */,
				BDA72C8A208467C800EAA8E9 /* CartPresenter.swift */,
			);
			path = Presenter;
			sourceTree = "<group>";
		};
		BD1FE9CB2082B2BB007A083E /* Service */ = {
			isa = PBXGroup;
			children = (
				BD1FE9CC2082B443007A083E /* CarService.swift */,
			);
			path = Service;
			sourceTree = "<group>";
		};
		BD1FE9D220830ADD007A083E /* Cells */ = {
			isa = PBXGroup;
			children = (
				BD1FE9D320830B05007A083E /* CarCell.xib */,
				BD1FE9D520830D21007A083E /* CarCell.swift */,
			);
			path = Cells;
			sourceTree = "<group>";
		};
		BD41CF0A20885ADB00D718A2 /* Helpers */ = {
			isa = PBXGroup;
			children = (
				D3BFD8A22085421A00775EF5 /* DBManager.swift */,
				BD41CF0B20885B0200D718A2 /* Reachability.swift */,
				D3BFD8A520855A7500775EF5 /* BadgeBarButtonItem.swift */,
			);
			path = Helpers;
			sourceTree = "<group>";
		};
		BD4C86F62082602500392A73 = {
			isa = PBXGroup;
			children = (
				BD4C87012082602500392A73 /* DesafioBRQ */,
				BD4C87002082602500392A73 /* Products */,
				BD4C871420827EE700392A73 /* Frameworks */,
			);
			sourceTree = "<group>";
		};
		BD4C87002082602500392A73 /* Products */ = {
			isa = PBXGroup;
			children = (
				BD4C86FF2082602500392A73 /* DesafioBRQ.app */,
			);
			name = Products;
			sourceTree = "<group>";
		};
		BD4C87012082602500392A73 /* DesafioBRQ */ = {
			isa = PBXGroup;
			children = (
				BD41CF0A20885ADB00D718A2 /* Helpers */,
				BD1FE9D220830ADD007A083E /* Cells */,
				BD1FE9CB2082B2BB007A083E /* Service */,
				BD1FE9C62082A9D5007A083E /* Model */,
				BD1FE9C72082A9DD007A083E /* View */,
				BD1FE9C82082A9E5007A083E /* Presenter */,
				BD4C87022082602500392A73 /* AppDelegate.swift */,
				BD4C87062082602500392A73 /* Main.storyboard */,
				BD4C87092082602700392A73 /* Assets.xcassets */,
				BD4C870B2082602700392A73 /* LaunchScreen.storyboard */,
				BD4C870E2082602700392A73 /* Info.plist */,
			);
			path = DesafioBRQ;
			sourceTree = "<group>";
		};
		BD4C871420827EE700392A73 /* Frameworks */ = {
			isa = PBXGroup;
			children = (
				D3BFD89C20852E3700775EF5 /* Realm.framework */,
				D3BFD89D20852E3700775EF5 /* RealmSwift.framework */,
				BD336D23208286E5003021DC /* SDWebImage.framework */,
				BD4C871720827EE800392A73 /* Alamofire.framework */,
				BD4C871620827EE800392A73 /* AlamofireImage.framework */,
				BD4C871820827EE800392A73 /* AlamofireObjectMapper.framework */,
				BD4C871520827EE800392A73 /* ObjectMapper.framework */,
			);
			name = Frameworks;
			sourceTree = "<group>";
		};
/* End PBXGroup section */

/* Begin PBXNativeTarget section */
		BD4C86FE2082602500392A73 /* DesafioBRQ */ = {
			isa = PBXNativeTarget;
			buildConfigurationList = BD4C87112082602700392A73 /* Build configuration list for PBXNativeTarget "DesafioBRQ" */;
			buildPhases = (
				BD4C86FB2082602500392A73 /* Sources */,
				BD4C86FC2082602500392A73 /* Frameworks */,
				BD4C86FD2082602500392A73 /* Resources */,
				BD4C871E20827FD700392A73 /* ShellScript */,
			);
			buildRules = (
			);
			dependencies = (
			);
			name = DesafioBRQ;
			productName = DesafioBRQ;
			productReference = BD4C86FF2082602500392A73 /* DesafioBRQ.app */;
			productType = "com.apple.product-type.application";
		};
/* End PBXNativeTarget section */

/* Begin PBXProject section */
		BD4C86F72082602500392A73 /* Project object */ = {
			isa = PBXProject;
			attributes = {
				LastSwiftUpdateCheck = 0930;
				LastUpgradeCheck = 0930;
				ORGANIZATIONNAME = "Vinicius Brito";
				TargetAttributes = {
					BD4C86FE2082602500392A73 = {
						CreatedOnToolsVersion = 9.3;
					};
				};
			};
			buildConfigurationList = BD4C86FA2082602500392A73 /* Build configuration list for PBXProject "DesafioBRQ" */;
			compatibilityVersion = "Xcode 9.3";
			developmentRegion = en;
			hasScannedForEncodings = 0;
			knownRegions = (
				en,
				Base,
			);
			mainGroup = BD4C86F62082602500392A73;
			productRefGroup = BD4C87002082602500392A73 /* Products */;
			projectDirPath = "";
			projectRoot = "";
			targets = (
				BD4C86FE2082602500392A73 /* DesafioBRQ */,
			);
		};
/* End PBXProject section */

/* Begin PBXResourcesBuildPhase section */
		BD4C86FD2082602500392A73 /* Resources */ = {
			isa = PBXResourcesBuildPhase;
			buildActionMask = 2147483647;
			files = (
				BD1FE9D420830B05007A083E /* CarCell.xib in Resources */,
				BD4C870D2082602700392A73 /* LaunchScreen.storyboard in Resources */,
				BD4C870A2082602700392A73 /* Assets.xcassets in Resources */,
				BD4C87082082602500392A73 /* Main.storyboard in Resources */,
			);
			runOnlyForDeploymentPostprocessing = 0;
		};
/* End PBXResourcesBuildPhase section */

/* Begin PBXShellScriptBuildPhase section */
		BD4C871E20827FD700392A73 /* ShellScript */ = {
			isa = PBXShellScriptBuildPhase;
			buildActionMask = 2147483647;
			files = (
			);
			inputPaths = (
				"$(SRCROOT)/Carthage/Build/iOS/Alamofire.framework",
				"$(SRCROOT)/Carthage/Build/iOS/AlamofireObjectMapper.framework",
				"$(SRCROOT)/Carthage/Build/iOS/SDWebImage.framework",
				"$(SRCROOT)/Carthage/Build/iOS/ObjectMapper.framework",
				"$(SRCROOT)/Carthage/Build/iOS/AlamofireImage.framework",
				"$(SRCROOT)/Carthage/Build/iOS/Realm.framework",
				"$(SRCROOT)/Carthage/Build/iOS/RealmSwift.framework",
			);
			outputPaths = (
				"$(DERIVED_FILE_DIR)/$(FRAMEWORKS_FOLDER_PATH)/Alamofire.framework",
				"$(DERIVED_FILE_DIR)/$(FRAMEWORKS_FOLDER_PATH)/AlamofireObjectMapper.framework",
				"$(DERIVED_FILE_DIR)/$(FRAMEWORKS_FOLDER_PATH)/SDWebImage.framework",
				"$(DERIVED_FILE_DIR)/$(FRAMEWORKS_FOLDER_PATH)/ObjectMapper.framework",
				"$(DERIVED_FILE_DIR)/$(FRAMEWORKS_FOLDER_PATH)/AlamofireImage.framework",
				"$(DERIVED_FILE_DIR)/$(FRAMEWORKS_FOLDER_PATH)/Realm.framework",
				"$(DERIVED_FILE_DIR)/$(FRAMEWORKS_FOLDER_PATH)/RealmSwift.framework",
			);
			runOnlyForDeploymentPostprocessing = 0;
			shellPath = /bin/sh;
			shellScript = "/usr/local/bin/carthage copy-frameworks";
		};
/* End PBXShellScriptBuildPhase section */

/* Begin PBXSourcesBuildPhase section */
		BD4C86FB2082602500392A73 /* Sources */ = {
			isa = PBXSourcesBuildPhase;
			buildActionMask = 2147483647;
			files = (
				BD1FE9D920839DF0007A083E /* CarDetailsViewController.swift in Sources */,
				BD4C87052082602500392A73 /* CarListViewController.swift in Sources */,
				BD1FE9DD2083DBE7007A083E /* CarDetailsPresenter.swift in Sources */,
				BD4C87032082602500392A73 /* AppDelegate.swift in Sources */,
				BDA72C8B208467C800EAA8E9 /* CartPresenter.swift in Sources */,
				BDA72C892084676D00EAA8E9 /* CartViewController.swift in Sources */,
				BD41CF0C20885B0200D718A2 /* Reachability.swift in Sources */,
				D3BFD8A620855A7500775EF5 /* BadgeBarButtonItem.swift in Sources */,
				D3BFD8A12085313D00775EF5 /* CartItem.swift in Sources */,
				BD1FE9CF2082B7F4007A083E /* CarListView.swift in Sources */,
				BD1FE9CD2082B443007A083E /* CarService.swift in Sources */,
				BDA72C87208466E200EAA8E9 /* CartView.swift in Sources */,
				D3BFD8A32085421A00775EF5 /* DBManager.swift in Sources */,
				BD1FE9CA2082AA92007A083E /* Car.swift in Sources */,
				BD1FE9D620830D21007A083E /* CarCell.swift in Sources */,
				BD1FE9DB20839EE2007A083E /* CarDetailsView.swift in Sources */,
				BD1FE9D12082BA1D007A083E /* CarListPresenter.swift in Sources */,
			);
			runOnlyForDeploymentPostprocessing = 0;
		};
/* End PBXSourcesBuildPhase section */

/* Begin PBXVariantGroup section */
		BD4C87062082602500392A73 /* Main.storyboard */ = {
			isa = PBXVariantGroup;
			children = (
				BD4C87072082602500392A73 /* Base */,
			);
			name = Main.storyboard;
			sourceTree = "<group>";
		};
		BD4C870B2082602700392A73 /* LaunchScreen.storyboard */ = {
			isa = PBXVariantGroup;
			children = (
				BD4C870C2082602700392A73 /* Base */,
			);
			name = LaunchScreen.storyboard;
			sourceTree = "<group>";
		};
/* End PBXVariantGroup section */

/* Begin XCBuildConfiguration section */
		BD4C870F2082602700392A73 /* Debug */ = {
			isa = XCBuildConfiguration;
			buildSettings = {
				ALWAYS_SEARCH_USER_PATHS = NO;
				CLANG_ANALYZER_NONNULL = YES;
				CLANG_ANALYZER_NUMBER_OBJECT_CONVERSION = YES_AGGRESSIVE;
				CLANG_CXX_LANGUAGE_STANDARD = "gnu++14";
				CLANG_CXX_LIBRARY = "libc++";
				CLANG_ENABLE_MODULES = YES;
				CLANG_ENABLE_OBJC_ARC = YES;
				CLANG_ENABLE_OBJC_WEAK = YES;
				CLANG_WARN_BLOCK_CAPTURE_AUTORELEASING = YES;
				CLANG_WARN_BOOL_CONVERSION = YES;
				CLANG_WARN_COMMA = YES;
				CLANG_WARN_CONSTANT_CONVERSION = YES;
				CLANG_WARN_DEPRECATED_OBJC_IMPLEMENTATIONS = YES;
				CLANG_WARN_DIRECT_OBJC_ISA_USAGE = YES_ERROR;
				CLANG_WARN_DOCUMENTATION_COMMENTS = YES;
				CLANG_WARN_EMPTY_BODY = YES;
				CLANG_WARN_ENUM_CONVERSION = YES;
				CLANG_WARN_INFINITE_RECURSION = YES;
				CLANG_WARN_INT_CONVERSION = YES;
				CLANG_WARN_NON_LITERAL_NULL_CONVERSION = YES;
				CLANG_WARN_OBJC_IMPLICIT_RETAIN_SELF = YES;
				CLANG_WARN_OBJC_LITERAL_CONVERSION = YES;
				CLANG_WARN_OBJC_ROOT_CLASS = YES_ERROR;
				CLANG_WARN_RANGE_LOOP_ANALYSIS = YES;
				CLANG_WARN_STRICT_PROTOTYPES = YES;
				CLANG_WARN_SUSPICIOUS_MOVE = YES;
				CLANG_WARN_UNGUARDED_AVAILABILITY = YES_AGGRESSIVE;
				CLANG_WARN_UNREACHABLE_CODE = YES;
				CLANG_WARN__DUPLICATE_METHOD_MATCH = YES;
				CODE_SIGN_IDENTITY = "iPhone Developer";
				COPY_PHASE_STRIP = NO;
				DEBUG_INFORMATION_FORMAT = dwarf;
				ENABLE_STRICT_OBJC_MSGSEND = YES;
				ENABLE_TESTABILITY = YES;
				GCC_C_LANGUAGE_STANDARD = gnu11;
				GCC_DYNAMIC_NO_PIC = NO;
				GCC_NO_COMMON_BLOCKS = YES;
				GCC_OPTIMIZATION_LEVEL = 0;
				GCC_PREPROCESSOR_DEFINITIONS = (
					"DEBUG=1",
					"$(inherited)",
				);
				GCC_WARN_64_TO_32_BIT_CONVERSION = YES;
				GCC_WARN_ABOUT_RETURN_TYPE = YES_ERROR;
				GCC_WARN_UNDECLARED_SELECTOR = YES;
				GCC_WARN_UNINITIALIZED_AUTOS = YES_AGGRESSIVE;
				GCC_WARN_UNUSED_FUNCTION = YES;
				GCC_WARN_UNUSED_VARIABLE = YES;
				IPHONEOS_DEPLOYMENT_TARGET = 11.3;
				MTL_ENABLE_DEBUG_INFO = YES;
				ONLY_ACTIVE_ARCH = YES;
				SDKROOT = iphoneos;
				SWIFT_ACTIVE_COMPILATION_CONDITIONS = DEBUG;
				SWIFT_OPTIMIZATION_LEVEL = "-Onone";
			};
			name = Debug;
		};
		BD4C87102082602700392A73 /* Release */ = {
			isa = XCBuildConfiguration;
			buildSettings = {
				ALWAYS_SEARCH_USER_PATHS = NO;
				CLANG_ANALYZER_NONNULL = YES;
				CLANG_ANALYZER_NUMBER_OBJECT_CONVERSION = YES_AGGRESSIVE;
				CLANG_CXX_LANGUAGE_STANDARD = "gnu++14";
				CLANG_CXX_LIBRARY = "libc++";
				CLANG_ENABLE_MODULES = YES;
				CLANG_ENABLE_OBJC_ARC = YES;
				CLANG_ENABLE_OBJC_WEAK = YES;
				CLANG_WARN_BLOCK_CAPTURE_AUTORELEASING = YES;
				CLANG_WARN_BOOL_CONVERSION = YES;
				CLANG_WARN_COMMA = YES;
				CLANG_WARN_CONSTANT_CONVERSION = YES;
				CLANG_WARN_DEPRECATED_OBJC_IMPLEMENTATIONS = YES;
				CLANG_WARN_DIRECT_OBJC_ISA_USAGE = YES_ERROR;
				CLANG_WARN_DOCUMENTATION_COMMENTS = YES;
				CLANG_WARN_EMPTY_BODY = YES;
				CLANG_WARN_ENUM_CONVERSION = YES;
				CLANG_WARN_INFINITE_RECURSION = YES;
				CLANG_WARN_INT_CONVERSION = YES;
				CLANG_WARN_NON_LITERAL_NULL_CONVERSION = YES;
				CLANG_WARN_OBJC_IMPLICIT_RETAIN_SELF = YES;
				CLANG_WARN_OBJC_LITERAL_CONVERSION = YES;
				CLANG_WARN_OBJC_ROOT_CLASS = YES_ERROR;
				CLANG_WARN_RANGE_LOOP_ANALYSIS = YES;
				CLANG_WARN_STRICT_PROTOTYPES = YES;
				CLANG_WARN_SUSPICIOUS_MOVE = YES;
				CLANG_WARN_UNGUARDED_AVAILABILITY = YES_AGGRESSIVE;
				CLANG_WARN_UNREACHABLE_CODE = YES;
				CLANG_WARN__DUPLICATE_METHOD_MATCH = YES;
				CODE_SIGN_IDENTITY = "iPhone Developer";
				COPY_PHASE_STRIP = NO;
				DEBUG_INFORMATION_FORMAT = "dwarf-with-dsym";
				ENABLE_NS_ASSERTIONS = NO;
				ENABLE_STRICT_OBJC_MSGSEND = YES;
				GCC_C_LANGUAGE_STANDARD = gnu11;
				GCC_NO_COMMON_BLOCKS = YES;
				GCC_WARN_64_TO_32_BIT_CONVERSION = YES;
				GCC_WARN_ABOUT_RETURN_TYPE = YES_ERROR;
				GCC_WARN_UNDECLARED_SELECTOR = YES;
				GCC_WARN_UNINITIALIZED_AUTOS = YES_AGGRESSIVE;
				GCC_WARN_UNUSED_FUNCTION = YES;
				GCC_WARN_UNUSED_VARIABLE = YES;
				IPHONEOS_DEPLOYMENT_TARGET = 11.3;
				MTL_ENABLE_DEBUG_INFO = NO;
				SDKROOT = iphoneos;
				SWIFT_COMPILATION_MODE = wholemodule;
				SWIFT_OPTIMIZATION_LEVEL = "-O";
				VALIDATE_PRODUCT = YES;
			};
			name = Release;
		};
		BD4C87122082602700392A73 /* Debug */ = {
			isa = XCBuildConfiguration;
			buildSettings = {
				ASSETCATALOG_COMPILER_APPICON_NAME = AppIcon;
				CODE_SIGN_STYLE = Automatic;
				DEVELOPMENT_TEAM = R4L6C6JGYH;
				FRAMEWORK_SEARCH_PATHS = (
					"$(inherited)",
					"$(PROJECT_DIR)/Carthage/Build/iOS",
				);
				INFOPLIST_FILE = DesafioBRQ/Info.plist;
				IPHONEOS_DEPLOYMENT_TARGET = 10.0;
				LD_RUNPATH_SEARCH_PATHS = (
					"$(inherited)",
					"@executable_path/Frameworks",
				);
				PRODUCT_BUNDLE_IDENTIFIER = com.vibrito.DesafioBRQ;
				PRODUCT_NAME = "$(TARGET_NAME)";
				SWIFT_VERSION = 4.0;
				TARGETED_DEVICE_FAMILY = "1,2";
			};
			name = Debug;
		};
		BD4C87132082602700392A73 /* Release */ = {
			isa = XCBuildConfiguration;
			buildSettings = {
				ASSETCATALOG_COMPILER_APPICON_NAME = AppIcon;
				CODE_SIGN_STYLE = Automatic;
				DEVELOPMENT_TEAM = R4L6C6JGYH;
				FRAMEWORK_SEARCH_PATHS = (
					"$(inherited)",
					"$(PROJECT_DIR)/Carthage/Build/iOS",
				);
				INFOPLIST_FILE = DesafioBRQ/Info.plist;
				IPHONEOS_DEPLOYMENT_TARGET = 10.0;
				LD_RUNPATH_SEARCH_PATHS = (
					"$(inherited)",
					"@executable_path/Frameworks",
				);
				PRODUCT_BUNDLE_IDENTIFIER = com.vibrito.DesafioBRQ;
				PRODUCT_NAME = "$(TARGET_NAME)";
				SWIFT_VERSION = 4.0;
				TARGETED_DEVICE_FAMILY = "1,2";
			};
			name = Release;
		};
/* End XCBuildConfiguration section */

/* Begin XCConfigurationList section */
		BD4C86FA2082602500392A73 /* Build configuration list for PBXProject "DesafioBRQ" */ = {
			isa = XCConfigurationList;
			buildConfigurations = (
				BD4C870F2082602700392A73 /* Debug */,
				BD4C87102082602700392A73 /* Release */,
			);
			defaultConfigurationIsVisible = 0;
			defaultConfigurationName = Release;
		};
		BD4C87112082602700392A73 /* Build configuration list for PBXNativeTarget "DesafioBRQ" */ = {
			isa = XCConfigurationList;
			buildConfigurations = (
				BD4C87122082602700392A73 /* Debug */,
				BD4C87132082602700392A73 /* Release */,
			);
			defaultConfigurationIsVisible = 0;
			defaultConfigurationName = Release;
		};
/* End XCConfigurationList section */
	};
	rootObject = BD4C86F72082602500392A73 /* Project object */;
}
